
Microsoft Visual Studio Solution File, Format Version 12.00
# Visual Studio Version 16
VisualStudioVersion = 16.0.30114.105
MinimumVisualStudioVersion = 10.0.40219.1
Project("{FAE04EC0-301F-11D3-BF4B-00C04F79EFBC}") = "QLKS.APP", "QLKS.APP\QLKS.APP.csproj", "{5D079F7D-360C-4FB2-B80B-BC5F8DAACEBA}"
EndProject
Project("{2150E333-8FDC-42A3-9474-1A3956D46DE8}") = "Modules", "Modules", "{68959EE8-9179-4BB4-9587-AC04DCA7AA95}"
EndProject
Project("{FAE04EC0-301F-11D3-BF4B-00C04F79EFBC}") = "QLKS.Auth", "QLKS.Auth\QLKS.Auth.csproj", "{B62F0462-EA3D-496A-BA2E-47A0F76C5C51}"
EndProject
Global
	GlobalSection(SolutionConfigurationPlatforms) = preSolution
		Debug|Any CPU = Debug|Any CPU
		Release|Any CPU = Release|Any CPU
	EndGlobalSection
	GlobalSection(ProjectConfigurationPlatforms) = postSolution
		{5D079F7D-360C-4FB2-B80B-BC5F8DAACEBA}.Debug|Any CPU.ActiveCfg = Debug|Any CPU
		{5D079F7D-360C-4FB2-B80B-BC5F8DAACEBA}.Debug|Any CPU.Build.0 = Debug|Any CPU
		{5D079F7D-360C-4FB2-B80B-BC5F8DAACEBA}.Release|Any CPU.ActiveCfg = Release|Any CPU
		{5D079F7D-360C-4FB2-B80B-BC5F8DAACEBA}.Release|Any CPU.Build.0 = Release|Any CPU
		{B62F0462-EA3D-496A-BA2E-47A0F76C5C51}.Debug|Any CPU.ActiveCfg = Debug|Any CPU
		{B62F0462-EA3D-496A-BA2E-47A0F76C5C51}.Debug|Any CPU.Build.0 = Debug|Any CPU
		{B62F0462-EA3D-496A-BA2E-47A0F76C5C51}.Release|Any CPU.ActiveCfg = Release|Any CPU
		{B62F0462-EA3D-496A-BA2E-47A0F76C5C51}.Release|Any CPU.Build.0 = Release|Any CPU
	EndGlobalSection
	GlobalSection(SolutionProperties) = preSolution
		HideSolutionNode = FALSE
	EndGlobalSection
	GlobalSection(NestedProjects) = preSolution
		{B62F0462-EA3D-496A-BA2E-47A0F76C5C51} = {68959EE8-9179-4BB4-9587-AC04DCA7AA95}
	EndGlobalSection
	GlobalSection(ExtensibilityGlobals) = postSolution
		SolutionGuid = {15898C98-6AB9-4145-9146-5B5A57BF414A}
	EndGlobalSection
EndGlobal
